
Microsoft Visual Studio Solution File, Format Version 12.00
# Visual Studio Version 16
VisualStudioVersion = 16.0.30309.148
MinimumVisualStudioVersion = 10.0.40219.1
Project("{FAE04EC0-301F-11D3-BF4B-00C04F79EFBC}") = "ProductStoreApp", "ProductStoreApp\ProductStoreApp.csproj", "{F5C221C3-703A-4B9D-971C-1F3EE4759E02}"
EndProject
Project("{FAE04EC0-301F-11D3-BF4B-00C04F79EFBC}") = "ClsStore", "ClsStore\ClsStore.csproj", "{2C4B26C0-AA6B-4258-A8E1-53FAACEC80DB}"
EndProject
Project("{FAE04EC0-301F-11D3-BF4B-00C04F79EFBC}") = "WebApi", "WebApi\WebApi.csproj", "{943F2C36-490A-45B1-8169-7CF9CEF79D36}"
EndProject
Global
	GlobalSection(SolutionConfigurationPlatforms) = preSolution
		Debug|Any CPU = Debug|Any CPU
		Release|Any CPU = Release|Any CPU
	EndGlobalSection
	GlobalSection(ProjectConfigurationPlatforms) = postSolution
		{F5C221C3-703A-4B9D-971C-1F3EE4759E02}.Debug|Any CPU.ActiveCfg = Debug|Any CPU
		{F5C221C3-703A-4B9D-971C-1F3EE4759E02}.Debug|Any CPU.Build.0 = Debug|Any CPU
		{F5C221C3-703A-4B9D-971C-1F3EE4759E02}.Release|Any CPU.ActiveCfg = Release|Any CPU
		{F5C221C3-703A-4B9D-971C-1F3EE4759E02}.Release|Any CPU.Build.0 = Release|Any CPU
		{2C4B26C0-AA6B-4258-A8E1-53FAACEC80DB}.Debug|Any CPU.ActiveCfg = Debug|Any CPU
		{2C4B26C0-AA6B-4258-A8E1-53FAACEC80DB}.Debug|Any CPU.Build.0 = Debug|Any CPU
		{2C4B26C0-AA6B-4258-A8E1-53FAACEC80DB}.Release|Any CPU.ActiveCfg = Release|Any CPU
		{2C4B26C0-AA6B-4258-A8E1-53FAACEC80DB}.Release|Any CPU.Build.0 = Release|Any CPU
		{943F2C36-490A-45B1-8169-7CF9CEF79D36}.Debug|Any CPU.ActiveCfg = Debug|Any CPU
		{943F2C36-490A-45B1-8169-7CF9CEF79D36}.Debug|Any CPU.Build.0 = Debug|Any CPU
		{943F2C36-490A-45B1-8169-7CF9CEF79D36}.Release|Any CPU.ActiveCfg = Release|Any CPU
		{943F2C36-490A-45B1-8169-7CF9CEF79D36}.Release|Any CPU.Build.0 = Release|Any CPU
	EndGlobalSection
	GlobalSection(SolutionProperties) = preSolution
		HideSolutionNode = FALSE
	EndGlobalSection
	GlobalSection(ExtensibilityGlobals) = postSolution
		SolutionGuid = {12F16A83-FCB8-4B44-AE62-F155BEAE25DC}
	EndGlobalSection
EndGlobal
